// !$*UTF8*$!
{
	archiveVersion = 1;
	classes = {
	};
	objectVersion = 50;
	objects = {

/* Begin PBXBuildFile section */
		B5F5AB9F2411FB0F00052B91 /* AppDelegate.swift in Sources */ = {isa = PBXBuildFile; fileRef = B5F5AB9E2411FB0F00052B91 /* AppDelegate.swift */; };
		B5F5ABA12411FB0F00052B91 /* SceneDelegate.swift in Sources */ = {isa = PBXBuildFile; fileRef = B5F5ABA02411FB0F00052B91 /* SceneDelegate.swift */; };
		B5F5ABA32411FB0F00052B91 /* ContentView.swift in Sources */ = {isa = PBXBuildFile; fileRef = B5F5ABA22411FB0F00052B91 /* ContentView.swift */; };
		B5F5ABA52411FB1200052B91 /* Assets.xcassets in Resources */ = {isa = PBXBuildFile; fileRef = B5F5ABA42411FB1200052B91 /* Assets.xcassets */; };
		B5F5ABA82411FB1200052B91 /* Preview Assets.xcassets in Resources */ = {isa = PBXBuildFile; fileRef = B5F5ABA72411FB1200052B91 /* Preview Assets.xcassets */; };
		B5F5ABAB2411FB1200052B91 /* LaunchScreen.storyboard in Resources */ = {isa = PBXBuildFile; fileRef = B5F5ABA92411FB1200052B91 /* LaunchScreen.storyboard */; };
		B5F5ABB62411FB1200052B91 /* SimpleNewsViewerTests.swift in Sources */ = {isa = PBXBuildFile; fileRef = B5F5ABB52411FB1200052B91 /* SimpleNewsViewerTests.swift */; };
		B5F5ABC12411FCFB00052B91 /* NewsView.swift in Sources */ = {isa = PBXBuildFile; fileRef = B5F5ABC02411FCFB00052B91 /* NewsView.swift */; };
		B5F5ABC32411FFD700052B91 /* FetchData.swift in Sources */ = {isa = PBXBuildFile; fileRef = B5F5ABC22411FFD700052B91 /* FetchData.swift */; };
		B5F5ABC5241203D300052B91 /* NewsSource.swift in Sources */ = {isa = PBXBuildFile; fileRef = B5F5ABC4241203D300052B91 /* NewsSource.swift */; };
/* End PBXBuildFile section */

/* Begin PBXContainerItemProxy section */
		B5F5ABB22411FB1200052B91 /* PBXContainerItemProxy */ = {
			isa = PBXContainerItemProxy;
			containerPortal = B5F5AB932411FB0F00052B91 /* Project object */;
			proxyType = 1;
			remoteGlobalIDString = B5F5AB9A2411FB0F00052B91;
			remoteInfo = SimpleNewsViewer;
		};
/* End PBXContainerItemProxy section */

/* Begin PBXFileReference section */
		B5F5AB9B2411FB0F00052B91 /* SimpleNewsViewer.app */ = {isa = PBXFileReference; explicitFileType = wrapper.application; includeInIndex = 0; path = SimpleNewsViewer.app; sourceTree = BUILT_PRODUCTS_DIR; };
		B5F5AB9E2411FB0F00052B91 /* AppDelegate.swift */ = {isa = PBXFileReference; lastKnownFileType = sourcecode.swift; path = AppDelegate.swift; sourceTree = "<group>"; };
		B5F5ABA02411FB0F00052B91 /* SceneDelegate.swift */ = {isa = PBXFileReference; lastKnownFileType = sourcecode.swift; path = SceneDelegate.swift; sourceTree = "<group>"; };
		B5F5ABA22411FB0F00052B91 /* ContentView.swift */ = {isa = PBXFileReference; lastKnownFileType = sourcecode.swift; path = ContentView.swift; sourceTree = "<group>"; };
		B5F5ABA42411FB1200052B91 /* Assets.xcassets */ = {isa = PBXFileReference; lastKnownFileType = folder.assetcatalog; path = Assets.xcassets; sourceTree = "<group>"; };
		B5F5ABA72411FB1200052B91 /* Preview Assets.xcassets */ = {isa = PBXFileReference; lastKnownFileType = folder.assetcatalog; path = "Preview Assets.xcassets"; sourceTree = "<group>"; };
		B5F5ABAA2411FB1200052B91 /* Base */ = {isa = PBXFileReference; lastKnownFileType = file.storyboard; name = Base; path = Base.lproj/LaunchScreen.storyboard; sourceTree = "<group>"; };
		B5F5ABAC2411FB1200052B91 /* Info.plist */ = {isa = PBXFileReference; lastKnownFileType = text.plist.xml; path = Info.plist; sourceTree = "<group>"; };
		B5F5ABB12411FB1200052B91 /* SimpleNewsViewerTests.xctest */ = {isa = PBXFileReference; explicitFileType = wrapper.cfbundle; includeInIndex = 0; path = SimpleNewsViewerTests.xctest; sourceTree = BUILT_PRODUCTS_DIR; };
		B5F5ABB52411FB1200052B91 /* SimpleNewsViewerTests.swift */ = {isa = PBXFileReference; lastKnownFileType = sourcecode.swift; path = SimpleNewsViewerTests.swift; sourceTree = "<group>"; };
		B5F5ABB72411FB1200052B91 /* Info.plist */ = {isa = PBXFileReference; lastKnownFileType = text.plist.xml; path = Info.plist; sourceTree = "<group>"; };
		B5F5ABC02411FCFB00052B91 /* NewsView.swift */ = {isa = PBXFileReference; lastKnownFileType = sourcecode.swift; path = NewsView.swift; sourceTree = "<group>"; };
		B5F5ABC22411FFD700052B91 /* FetchData.swift */ = {isa = PBXFileReference; lastKnownFileType = sourcecode.swift; path = FetchData.swift; sourceTree = "<group>"; };
		B5F5ABC4241203D300052B91 /* NewsSource.swift */ = {isa = PBXFileReference; lastKnownFileType = sourcecode.swift; path = NewsSource.swift; sourceTree = "<group>"; };
/* End PBXFileReference section */

/* Begin PBXFrameworksBuildPhase section */
		B5F5AB982411FB0F00052B91 /* Frameworks */ = {
			isa = PBXFrameworksBuildPhase;
			buildActionMask = 2147483647;
			files = (
			);
			runOnlyForDeploymentPostprocessing = 0;
		};
		B5F5ABAE2411FB1200052B91 /* Frameworks */ = {
			isa = PBXFrameworksBuildPhase;
			buildActionMask = 2147483647;
			files = (
			);
			runOnlyForDeploymentPostprocessing = 0;
		};
/* End PBXFrameworksBuildPhase section */

/* Begin PBXGroup section */
		B5F5AB922411FB0F00052B91 = {
			isa = PBXGroup;
			children = (
				B5F5ABC22411FFD700052B91 /* FetchData.swift */,
				B5F5ABC4241203D300052B91 /* NewsSource.swift */,
				B5F5ABC02411FCFB00052B91 /* NewsView.swift */,
				B5F5AB9D2411FB0F00052B91 /* SimpleNewsViewer */,
				B5F5ABB42411FB1200052B91 /* SimpleNewsViewerTests */,
				B5F5AB9C2411FB0F00052B91 /* Products */,
			);
			sourceTree = "<group>";
		};
		B5F5AB9C2411FB0F00052B91 /* Products */ = {
			isa = PBXGroup;
			children = (
				B5F5AB9B2411FB0F00052B91 /* SimpleNewsViewer.app */,
				B5F5ABB12411FB1200052B91 /* SimpleNewsViewerTests.xctest */,
			);
			name = Products;
			sourceTree = "<group>";
		};
		B5F5AB9D2411FB0F00052B91 /* SimpleNewsViewer */ = {
			isa = PBXGroup;
			children = (
				B5F5AB9E2411FB0F00052B91 /* AppDelegate.swift */,
				B5F5ABA02411FB0F00052B91 /* SceneDelegate.swift */,
				B5F5ABA22411FB0F00052B91 /* ContentView.swift */,
				B5F5ABA42411FB1200052B91 /* Assets.xcassets */,
				B5F5ABA92411FB1200052B91 /* LaunchScreen.storyboard */,
				B5F5ABAC2411FB1200052B91 /* Info.plist */,
				B5F5ABA62411FB1200052B91 /* Preview Content */,
			);
			path = SimpleNewsViewer;
			sourceTree = "<group>";
		};
		B5F5ABA62411FB1200052B91 /* Preview Content */ = {
			isa = PBXGroup;
			children = (
				B5F5ABA72411FB1200052B91 /* Preview Assets.xcassets */,
			);
			path = "Preview Content";
			sourceTree = "<group>";
		};
		B5F5ABB42411FB1200052B91 /* SimpleNewsViewerTests */ = {
			isa = PBXGroup;
			children = (
				B5F5ABB52411FB1200052B91 /* SimpleNewsViewerTests.swift */,
				B5F5ABB72411FB1200052B91 /* Info.plist */,
			);
			path = SimpleNewsViewerTests;
			sourceTree = "<group>";
		};
/* End PBXGroup section */

/* Begin PBXNativeTarget section */
		B5F5AB9A2411FB0F00052B91 /* SimpleNewsViewer */ = {
			isa = PBXNativeTarget;
			buildConfigurationList = B5F5ABBA2411FB1200052B91 /* Build configuration list for PBXNativeTarget "SimpleNewsViewer" */;
			buildPhases = (
				B5F5AB972411FB0F00052B91 /* Sources */,
				B5F5AB982411FB0F00052B91 /* Frameworks */,
				B5F5AB992411FB0F00052B91 /* Resources */,
			);
			buildRules = (
			);
			dependencies = (
			);
			name = SimpleNewsViewer;
			productName = SimpleNewsViewer;
			productReference = B5F5AB9B2411FB0F00052B91 /* SimpleNewsViewer.app */;
			productType = "com.apple.product-type.application";
		};
		B5F5ABB02411FB1200052B91 /* SimpleNewsViewerTests */ = {
			isa = PBXNativeTarget;
			buildConfigurationList = B5F5ABBD2411FB1200052B91 /* Build configuration list for PBXNativeTarget "SimpleNewsViewerTests" */;
			buildPhases = (
				B5F5ABAD2411FB1200052B91 /* Sources */,
				B5F5ABAE2411FB1200052B91 /* Frameworks */,
				B5F5ABAF2411FB1200052B91 /* Resources */,
			);
			buildRules = (
			);
			dependencies = (
				B5F5ABB32411FB1200052B91 /* PBXTargetDependency */,
			);
			name = SimpleNewsViewerTests;
			productName = SimpleNewsViewerTests;
			productReference = B5F5ABB12411FB1200052B91 /* SimpleNewsViewerTests.xctest */;
			productType = "com.apple.product-type.bundle.unit-test";
		};
/* End PBXNativeTarget section */

/* Begin PBXProject section */
		B5F5AB932411FB0F00052B91 /* Project object */ = {
			isa = PBXProject;
			attributes = {
				LastSwiftUpdateCheck = 1130;
				LastUpgradeCheck = 1130;
				ORGANIZATIONNAME = "Kai Jing";
				TargetAttributes = {
					B5F5AB9A2411FB0F00052B91 = {
						CreatedOnToolsVersion = 11.3.1;
					};
					B5F5ABB02411FB1200052B91 = {
						CreatedOnToolsVersion = 11.3.1;
						TestTargetID = B5F5AB9A2411FB0F00052B91;
					};
				};
			};
			buildConfigurationList = B5F5AB962411FB0F00052B91 /* Build configuration list for PBXProject "SimpleNewsViewer" */;
			compatibilityVersion = "Xcode 9.3";
			developmentRegion = en;
			hasScannedForEncodings = 0;
			knownRegions = (
				en,
				Base,
			);
			mainGroup = B5F5AB922411FB0F00052B91;
			productRefGroup = B5F5AB9C2411FB0F00052B91 /* Products */;
			projectDirPath = "";
			projectRoot = "";
			targets = (
				B5F5AB9A2411FB0F00052B91 /* SimpleNewsViewer */,
				B5F5ABB02411FB1200052B91 /* SimpleNewsViewerTests */,
			);
		};
/* End PBXProject section */

/* Begin PBXResourcesBuildPhase section */
		B5F5AB992411FB0F00052B91 /* Resources */ = {
			isa = PBXResourcesBuildPhase;
			buildActionMask = 2147483647;
			files = (
				B5F5ABAB2411FB1200052B91 /* LaunchScreen.storyboard in Resources */,
				B5F5ABA82411FB1200052B91 /* Preview Assets.xcassets in Resources */,
				B5F5ABA52411FB1200052B91 /* Assets.xcassets in Resources */,
			);
			runOnlyForDeploymentPostprocessing = 0;
		};
		B5F5ABAF2411FB1200052B91 /* Resources */ = {
			isa = PBXResourcesBuildPhase;
			buildActionMask = 2147483647;
			files = (
			);
			runOnlyForDeploymentPostprocessing = 0;
		};
/* End PBXResourcesBuildPhase section */

/* Begin PBXSourcesBuildPhase section */
		B5F5AB972411FB0F00052B91 /* Sources */ = {
			isa = PBXSourcesBuildPhase;
			buildActionMask = 2147483647;
			files = (
				B5F5AB9F2411FB0F00052B91 /* AppDelegate.swift in Sources */,
				B5F5ABC12411FCFB00052B91 /* NewsView.swift in Sources */,
				B5F5ABC32411FFD700052B91 /* FetchData.swift in Sources */,
				B5F5ABA12411FB0F00052B91 /* SceneDelegate.swift in Sources */,
				B5F5ABA32411FB0F00052B91 /* ContentView.swift in Sources */,
				B5F5ABC5241203D300052B91 /* NewsSource.swift in Sources */,
			);
			runOnlyForDeploymentPostprocessing = 0;
		};
		B5F5ABAD2411FB1200052B91 /* Sources */ = {
			isa = PBXSourcesBuildPhase;
			buildActionMask = 2147483647;
			files = (
				B5F5ABB62411FB1200052B91 /* SimpleNewsViewerTests.swift in Sources */,
			);
			runOnlyForDeploymentPostprocessing = 0;
		};
/* End PBXSourcesBuildPhase section */

/* Begin PBXTargetDependency section */
		B5F5ABB32411FB1200052B91 /* PBXTargetDependency */ = {
			isa = PBXTargetDependency;
			target = B5F5AB9A2411FB0F00052B91 /* SimpleNewsViewer */;
			targetProxy = B5F5ABB22411FB1200052B91 /* PBXContainerItemProxy */;
		};
/* End PBXTargetDependency section */

/* Begin PBXVariantGroup section */
		B5F5ABA92411FB1200052B91 /* LaunchScreen.storyboard */ = {
			isa = PBXVariantGroup;
			children = (
				B5F5ABAA2411FB1200052B91 /* Base */,
			);
			name = LaunchScreen.storyboard;
			sourceTree = "<group>";
		};
/* End PBXVariantGroup section */

/* Begin XCBuildConfiguration section */
		B5F5ABB82411FB1200052B91 /* Debug */ = {
			isa = XCBuildConfiguration;
			buildSettings = {
				ALWAYS_SEARCH_USER_PATHS = NO;
				CLANG_ANALYZER_NONNULL = YES;
				CLANG_ANALYZER_NUMBER_OBJECT_CONVERSION = YES_AGGRESSIVE;
				CLANG_CXX_LANGUAGE_STANDARD = "gnu++14";
				CLANG_CXX_LIBRARY = "libc++";
				CLANG_ENABLE_MODULES = YES;
				CLANG_ENABLE_OBJC_ARC = YES;
				CLANG_ENABLE_OBJC_WEAK = YES;
				CLANG_WARN_BLOCK_CAPTURE_AUTORELEASING = YES;
				CLANG_WARN_BOOL_CONVERSION = YES;
				CLANG_WARN_COMMA = YES;
				CLANG_WARN_CONSTANT_CONVERSION = YES;
				CLANG_WARN_DEPRECATED_OBJC_IMPLEMENTATIONS = YES;
				CLANG_WARN_DIRECT_OBJC_ISA_USAGE = YES_ERROR;
				CLANG_WARN_DOCUMENTATION_COMMENTS = YES;
				CLANG_WARN_EMPTY_BODY = YES;
				CLANG_WARN_ENUM_CONVERSION = YES;
				CLANG_WARN_INFINITE_RECURSION = YES;
				CLANG_WARN_INT_CONVERSION = YES;
				CLANG_WARN_NON_LITERAL_NULL_CONVERSION = YES;
				CLANG_WARN_OBJC_IMPLICIT_RETAIN_SELF = YES;
				CLANG_WARN_OBJC_LITERAL_CONVERSION = YES;
				CLANG_WARN_OBJC_ROOT_CLASS = YES_ERROR;
				CLANG_WARN_RANGE_LOOP_ANALYSIS = YES;
				CLANG_WARN_STRICT_PROTOTYPES = YES;
				CLANG_WARN_SUSPICIOUS_MOVE = YES;
				CLANG_WARN_UNGUARDED_AVAILABILITY = YES_AGGRESSIVE;
				CLANG_WARN_UNREACHABLE_CODE = YES;
				CLANG_WARN__DUPLICATE_METHOD_MATCH = YES;
				COPY_PHASE_STRIP = NO;
				DEBUG_INFORMATION_FORMAT = dwarf;
				ENABLE_STRICT_OBJC_MSGSEND = YES;
				ENABLE_TESTABILITY = YES;
				GCC_C_LANGUAGE_STANDARD = gnu11;
				GCC_DYNAMIC_NO_PIC = NO;
				GCC_NO_COMMON_BLOCKS = YES;
				GCC_OPTIMIZATION_LEVEL = 0;
				GCC_PREPROCESSOR_DEFINITIONS = (
					"DEBUG=1",
					"$(inherited)",
				);
				GCC_WARN_64_TO_32_BIT_CONVERSION = YES;
				GCC_WARN_ABOUT_RETURN_TYPE = YES_ERROR;
				GCC_WARN_UNDECLARED_SELECTOR = YES;
				GCC_WARN_UNINITIALIZED_AUTOS = YES_AGGRESSIVE;
				GCC_WARN_UNUSED_FUNCTION = YES;
				GCC_WARN_UNUSED_VARIABLE = YES;
				IPHONEOS_DEPLOYMENT_TARGET = 13.2;
				MTL_ENABLE_DEBUG_INFO = INCLUDE_SOURCE;
				MTL_FAST_MATH = YES;
				ONLY_ACTIVE_ARCH = YES;
				SDKROOT = iphoneos;
				SWIFT_ACTIVE_COMPILATION_CONDITIONS = DEBUG;
				SWIFT_OPTIMIZATION_LEVEL = "-Onone";
			};
			name = Debug;
		};
		B5F5ABB92411FB1200052B91 /* Release */ = {
			isa = XCBuildConfiguration;
			buildSettings = {
				ALWAYS_SEARCH_USER_PATHS = NO;
				CLANG_ANALYZER_NONNULL = YES;
				CLANG_ANALYZER_NUMBER_OBJECT_CONVERSION = YES_AGGRESSIVE;
				CLANG_CXX_LANGUAGE_STANDARD = "gnu++14";
				CLANG_CXX_LIBRARY = "libc++";
				CLANG_ENABLE_MODULES = YES;
				CLANG_ENABLE_OBJC_ARC = YES;
				CLANG_ENABLE_OBJC_WEAK = YES;
				CLANG_WARN_BLOCK_CAPTURE_AUTORELEASING = YES;
				CLANG_WARN_BOOL_CONVERSION = YES;
				CLANG_WARN_COMMA = YES;
				CLANG_WARN_CONSTANT_CONVERSION = YES;
				CLANG_WARN_DEPRECATED_OBJC_IMPLEMENTATIONS = YES;
				CLANG_WARN_DIRECT_OBJC_ISA_USAGE = YES_ERROR;
				CLANG_WARN_DOCUMENTATION_COMMENTS = YES;
				CLANG_WARN_EMPTY_BODY = YES;
				CLANG_WARN_ENUM_CONVERSION = YES;
				CLANG_WARN_INFINITE_RECURSION = YES;
				CLANG_WARN_INT_CONVERSION = YES;
				CLANG_WARN_NON_LITERAL_NULL_CONVERSION = YES;
				CLANG_WARN_OBJC_IMPLICIT_RETAIN_SELF = YES;
				CLANG_WARN_OBJC_LITERAL_CONVERSION = YES;
				CLANG_WARN_OBJC_ROOT_CLASS = YES_ERROR;
				CLANG_WARN_RANGE_LOOP_ANALYSIS = YES;
				CLANG_WARN_STRICT_PROTOTYPES = YES;
				CLANG_WARN_SUSPICIOUS_MOVE = YES;
				CLANG_WARN_UNGUARDED_AVAILABILITY = YES_AGGRESSIVE;
				CLANG_WARN_UNREACHABLE_CODE = YES;
				CLANG_WARN__DUPLICATE_METHOD_MATCH = YES;
				COPY_PHASE_STRIP = NO;
				DEBUG_INFORMATION_FORMAT = "dwarf-with-dsym";
				ENABLE_NS_ASSERTIONS = NO;
				ENABLE_STRICT_OBJC_MSGSEND = YES;
				GCC_C_LANGUAGE_STANDARD = gnu11;
				GCC_NO_COMMON_BLOCKS = YES;
				GCC_WARN_64_TO_32_BIT_CONVERSION = YES;
				GCC_WARN_ABOUT_RETURN_TYPE = YES_ERROR;
				GCC_WARN_UNDECLARED_SELECTOR = YES;
				GCC_WARN_UNINITIALIZED_AUTOS = YES_AGGRESSIVE;
				GCC_WARN_UNUSED_FUNCTION = YES;
				GCC_WARN_UNUSED_VARIABLE = YES;
				IPHONEOS_DEPLOYMENT_TARGET = 13.2;
				MTL_ENABLE_DEBUG_INFO = NO;
				MTL_FAST_MATH = YES;
				SDKROOT = iphoneos;
				SWIFT_COMPILATION_MODE = wholemodule;
				SWIFT_OPTIMIZATION_LEVEL = "-O";
				VALIDATE_PRODUCT = YES;
			};
			name = Release;
		};
		B5F5ABBB2411FB1200052B91 /* Debug */ = {
			isa = XCBuildConfiguration;
			buildSettings = {
				ASSETCATALOG_COMPILER_APPICON_NAME = AppIcon;
				CODE_SIGN_STYLE = Automatic;
				DEVELOPMENT_ASSET_PATHS = "\"SimpleNewsViewer/Preview Content\"";
				ENABLE_PREVIEWS = YES;
				INFOPLIST_FILE = SimpleNewsViewer/Info.plist;
				LD_RUNPATH_SEARCH_PATHS = (
					"$(inherited)",
					"@executable_path/Frameworks",
				);
				PRODUCT_BUNDLE_IDENTIFIER = com.example.SimpleNewsViewer;
				PRODUCT_NAME = "$(TARGET_NAME)";
				SWIFT_VERSION = 5.0;
				TARGETED_DEVICE_FAMILY = "1,2";
			};
			name = Debug;
		};
		B5F5ABBC2411FB1200052B91 /* Release */ = {
			isa = XCBuildConfiguration;
			buildSettings = {
				ASSETCATALOG_COMPILER_APPICON_NAME = AppIcon;
				CODE_SIGN_STYLE = Automatic;
				DEVELOPMENT_ASSET_PATHS = "\"SimpleNewsViewer/Preview Content\"";
				ENABLE_PREVIEWS = YES;
				INFOPLIST_FILE = SimpleNewsViewer/Info.plist;
				LD_RUNPATH_SEARCH_PATHS = (
					"$(inherited)",
					"@executable_path/Frameworks",
				);
				PRODUCT_BUNDLE_IDENTIFIER = com.example.SimpleNewsViewer;
				PRODUCT_NAME = "$(TARGET_NAME)";
				SWIFT_VERSION = 5.0;
				TARGETED_DEVICE_FAMILY = "1,2";
			};
			name = Release;
		};
		B5F5ABBE2411FB1200052B91 /* Debug */ = {
			isa = XCBuildConfiguration;
			buildSettings = {
				ALWAYS_EMBED_SWIFT_STANDARD_LIBRARIES = YES;
				BUNDLE_LOADER = "$(TEST_HOST)";
				CODE_SIGN_STYLE = Automatic;
				INFOPLIST_FILE = SimpleNewsViewerTests/Info.plist;
				IPHONEOS_DEPLOYMENT_TARGET = 13.2;
				LD_RUNPATH_SEARCH_PATHS = (
					"$(inherited)",
					"@executable_path/Frameworks",
					"@loader_path/Frameworks",
				);
				PRODUCT_BUNDLE_IDENTIFIER = com.example.SimpleNewsViewerTests;
				PRODUCT_NAME = "$(TARGET_NAME)";
				SWIFT_VERSION = 5.0;
				TARGETED_DEVICE_FAMILY = "1,2";
				TEST_HOST = "$(BUILT_PRODUCTS_DIR)/SimpleNewsViewer.app/SimpleNewsViewer";
			};
			name = Debug;
		};
		B5F5ABBF2411FB1200052B91 /* Release */ = {
			isa = XCBuildConfiguration;
			buildSettings = {
				ALWAYS_EMBED_SWIFT_STANDARD_LIBRARIES = YES;
				BUNDLE_LOADER = "$(TEST_HOST)";
				CODE_SIGN_STYLE = Automatic;
				INFOPLIST_FILE = SimpleNewsViewerTests/Info.plist;
				IPHONEOS_DEPLOYMENT_TARGET = 13.2;
				LD_RUNPATH_SEARCH_PATHS = (
					"$(inherited)",
					"@executable_path/Frameworks",
					"@loader_path/Frameworks",
				);
				PRODUCT_BUNDLE_IDENTIFIER = com.example.SimpleNewsViewerTests;
				PRODUCT_NAME = "$(TARGET_NAME)";
				SWIFT_VERSION = 5.0;
				TARGETED_DEVICE_FAMILY = "1,2";
				TEST_HOST = "$(BUILT_PRODUCTS_DIR)/SimpleNewsViewer.app/SimpleNewsViewer";
			};
			name = Release;
		};
/* End XCBuildConfiguration section */

/* Begin XCConfigurationList section */
		B5F5AB962411FB0F00052B91 /* Build configuration list for PBXProject "SimpleNewsViewer" */ = {
			isa = XCConfigurationList;
			buildConfigurations = (
				B5F5ABB82411FB1200052B91 /* Debug */,
				B5F5ABB92411FB1200052B91 /* Release */,
			);
			defaultConfigurationIsVisible = 0;
			defaultConfigurationName = Release;
		};
		B5F5ABBA2411FB1200052B91 /* Build configuration list for PBXNativeTarget "SimpleNewsViewer" */ = {
			isa = XCConfigurationList;
			buildConfigurations = (
				B5F5ABBB2411FB1200052B91 /* Debug */,
				B5F5ABBC2411FB1200052B91 /* Release */,
			);
			defaultConfigurationIsVisible = 0;
			defaultConfigurationName = Release;
		};
		B5F5ABBD2411FB1200052B91 /* Build configuration list for PBXNativeTarget "SimpleNewsViewerTests" */ = {
			isa = XCConfigurationList;
			buildConfigurations = (
				B5F5ABBE2411FB1200052B91 /* Debug */,
				B5F5ABBF2411FB1200052B91 /* Release */,
			);
			defaultConfigurationIsVisible = 0;
			defaultConfigurationName = Release;
		};
/* End XCConfigurationList section */
	};
	rootObject = B5F5AB932411FB0F00052B91 /* Project object */;
}
